
Microsoft Visual Studio Solution File, Format Version 12.00
# Visual Studio 15
VisualStudioVersion = 15.0.28307.645
MinimumVisualStudioVersion = 10.0.40219.1
Project("{FAE04EC0-301F-11D3-BF4B-00C04F79EFBC}") = "CLCiTrentService", "CLCiTrentConversionService\CLCiTrentService.csproj", "{48CF6DD6-FAAC-4341-94CD-7590842D02D4}"
EndProject
Project("{54435603-DBB4-11D2-8724-00A0C9A8B90C}") = "CLCiTrentSetup", "CLCiTrentSetup\CLCiTrentSetup.vdproj", "{1D74C785-DA07-4EE7-B9C1-27F8C285FFDB}"
EndProject
Global
	GlobalSection(SolutionConfigurationPlatforms) = preSolution
		Debug|Any CPU = Debug|Any CPU
		Release|Any CPU = Release|Any CPU
	EndGlobalSection
	GlobalSection(ProjectConfigurationPlatforms) = postSolution
		{48CF6DD6-FAAC-4341-94CD-7590842D02D4}.Debug|Any CPU.ActiveCfg = Debug|Any CPU
		{48CF6DD6-FAAC-4341-94CD-7590842D02D4}.Debug|Any CPU.Build.0 = Debug|Any CPU
		{48CF6DD6-FAAC-4341-94CD-7590842D02D4}.Release|Any CPU.ActiveCfg = Release|Any CPU
		{48CF6DD6-FAAC-4341-94CD-7590842D02D4}.Release|Any CPU.Build.0 = Release|Any CPU
		{1D74C785-DA07-4EE7-B9C1-27F8C285FFDB}.Debug|Any CPU.ActiveCfg = Debug
		{1D74C785-DA07-4EE7-B9C1-27F8C285FFDB}.Release|Any CPU.ActiveCfg = Release
	EndGlobalSection
	GlobalSection(SolutionProperties) = preSolution
		HideSolutionNode = FALSE
	EndGlobalSection
	GlobalSection(ExtensibilityGlobals) = postSolution
		SolutionGuid = {DC1F2CB9-8588-457C-BF88-C8F741419A56}
	EndGlobalSection
EndGlobal
